
Microsoft Visual Studio Solution File, Format Version 12.00
# Visual Studio Version 17
VisualStudioVersion = 17.8.34330.188
MinimumVisualStudioVersion = 10.0.40219.1
Project("{9A19103F-16F7-4668-BE54-9A1E7A4F7556}") = "CloudSecurity", "CloudSecurity.csproj", "{73F84EC6-D215-45A1-9ABC-B098FFBBE12F}"
EndProject
Global
	GlobalSection(SolutionConfigurationPlatforms) = preSolution
		Debug|Any CPU = Debug|Any CPU
		Release|Any CPU = Release|Any CPU
	EndGlobalSection
	GlobalSection(ProjectConfigurationPlatforms) = postSolution
		{73F84EC6-D215-45A1-9ABC-B098FFBBE12F}.Debug|Any CPU.ActiveCfg = Debug|Any CPU
		{73F84EC6-D215-45A1-9ABC-B098FFBBE12F}.Debug|Any CPU.Build.0 = Debug|Any CPU
		{73F84EC6-D215-45A1-9ABC-B098FFBBE12F}.Release|Any CPU.ActiveCfg = Release|Any CPU
		{73F84EC6-D215-45A1-9ABC-B098FFBBE12F}.Release|Any CPU.Build.0 = Release|Any CPU
	EndGlobalSection
	GlobalSection(SolutionProperties) = preSolution
		HideSolutionNode = FALSE
	EndGlobalSection
	GlobalSection(ExtensibilityGlobals) = postSolution
		SolutionGuid = {B2866583-49CD-486D-B0DD-3042500DE5C9}
	EndGlobalSection
EndGlobal
